lockfileVersion: '6.0'

dependencies:
  axios:
    specifier: ^0.24.0
    version: 0.24.0

packages:

  /axios@0.24.0:
    resolution: {integrity: sha512-Q6cWsys88HoPgAaFAVUb0WpPk0O8iTeisR9IMqy9G8AbO4NlpVknrnQS03zzF9PGAWgO3cgletO3VjV/P7VztA==}
    dependencies:
      follow-redirects: 1.15.2
    transitivePeerDependencies:
      - debug
    dev: false

  /follow-redirects@1.15.2:
    resolution: {integrity: sha512-VQLG33o04KaQ8uYi2tVNbdrWp1QWxNNea+nmIB4EVM28v0hmP17z7aG1+wAkNzVq4KeXTq3221ye5qTJP91JwA==}
    engines: {node: '>=4.0'}
    peerDependencies:
      debug: '*'
    peerDependenciesMeta:
      debug:
        optional: true
    dev: false
